
Microsoft Visual Studio Solution File, Format Version 12.00
# Visual Studio Version 17
VisualStudioVersion = 17.13.35931.197
MinimumVisualStudioVersion = 10.0.40219.1
Project("{FAE04EC0-301F-11D3-BF4B-00C04F79EFBC}") = "BibliotecaRHC.API", "BibliotecaRHC.API\BibliotecaRHC.API.csproj", "{C6F2F65D-8A97-4085-97C4-A398A440B187}"
EndProject
Project("{FAE04EC0-301F-11D3-BF4B-00C04F79EFBC}") = "BibliotecaRHC.Testes", "BibliotecaRHC.Testes\BibliotecaRHC.Testes.csproj", "{5777FFC3-A100-4256-8AE9-E94946EDE843}"
EndProject
Global
	GlobalSection(SolutionConfigurationPlatforms) = preSolution
		Debug|Any CPU = Debug|Any CPU
		Release|Any CPU = Release|Any CPU
	EndGlobalSection
	GlobalSection(ProjectConfigurationPlatforms) = postSolution
		{C6F2F65D-8A97-4085-97C4-A398A440B187}.Debug|Any CPU.ActiveCfg = Debug|Any CPU
		{C6F2F65D-8A97-4085-97C4-A398A440B187}.Debug|Any CPU.Build.0 = Debug|Any CPU
		{C6F2F65D-8A97-4085-97C4-A398A440B187}.Release|Any CPU.ActiveCfg = Release|Any CPU
		{C6F2F65D-8A97-4085-97C4-A398A440B187}.Release|Any CPU.Build.0 = Release|Any CPU
		{5777FFC3-A100-4256-8AE9-E94946EDE843}.Debug|Any CPU.ActiveCfg = Debug|Any CPU
		{5777FFC3-A100-4256-8AE9-E94946EDE843}.Debug|Any CPU.Build.0 = Debug|Any CPU
		{5777FFC3-A100-4256-8AE9-E94946EDE843}.Release|Any CPU.ActiveCfg = Release|Any CPU
		{5777FFC3-A100-4256-8AE9-E94946EDE843}.Release|Any CPU.Build.0 = Release|Any CPU
	EndGlobalSection
	GlobalSection(SolutionProperties) = preSolution
		HideSolutionNode = FALSE
	EndGlobalSection
	GlobalSection(ExtensibilityGlobals) = postSolution
		SolutionGuid = {D98E031A-D770-4020-80F8-6E35BDCE24FF}
	EndGlobalSection
EndGlobal
